// !$*UTF8*$!
{
	archiveVersion = 1;
	classes = {
	};
	objectVersion = 56;
	objects = {

/* Begin PBXBuildFile section */
		C26390DD2DD6185200DE5CA7 /* AppDelegate.swift in Sources */ = {isa = PBXBuildFile; fileRef = C26390DC2DD6185200DE5CA7 /* AppDelegate.swift */; };
		C26390E72DD6185200DE5CA7 /* ToDoList.xcdatamodeld in Sources */ = {isa = PBXBuildFile; fileRef = C26390E52DD6185200DE5CA7 /* ToDoList.xcdatamodeld */; };
		C26390E92DD6185300DE5CA7 /* Assets.xcassets in Resources */ = {isa = PBXBuildFile; fileRef = C26390E82DD6185300DE5CA7 /* Assets.xcassets */; };
		C26390EC2DD6185300DE5CA7 /* LaunchScreen.storyboard in Resources */ = {isa = PBXBuildFile; fileRef = C26390EA2DD6185300DE5CA7 /* LaunchScreen.storyboard */; };
		C26390F62DD61AA200DE5CA7 /* SceneDelegate.swift in Sources */ = {isa = PBXBuildFile; fileRef = C26390F52DD61AA200DE5CA7 /* SceneDelegate.swift */; };
		C263910E2DD61B1300DE5CA7 /* ToDoEditViewController.swift in Sources */ = {isa = PBXBuildFile; fileRef = C26391042DD61B1300DE5CA7 /* ToDoEditViewController.swift */; };
		C263910F2DD61B1300DE5CA7 /* ToDoEditView.swift in Sources */ = {isa = PBXBuildFile; fileRef = C26391052DD61B1300DE5CA7 /* ToDoEditView.swift */; };
		C26391102DD61B1300DE5CA7 /* DataManager.swift in Sources */ = {isa = PBXBuildFile; fileRef = C26391072DD61B1300DE5CA7 /* DataManager.swift */; };
		C26391112DD61B1300DE5CA7 /* InfoModel.swift in Sources */ = {isa = PBXBuildFile; fileRef = C26391082DD61B1300DE5CA7 /* InfoModel.swift */; };
		C26391132DD61B1300DE5CA7 /* MainCellVC.swift in Sources */ = {isa = PBXBuildFile; fileRef = C263910B2DD61B1300DE5CA7 /* MainCellVC.swift */; };
		C26391142DD61B1300DE5CA7 /* MainViewController.swift in Sources */ = {isa = PBXBuildFile; fileRef = C263910C2DD61B1300DE5CA7 /* MainViewController.swift */; };
		C26391162DD6211B00DE5CA7 /* Extensions.swift in Sources */ = {isa = PBXBuildFile; fileRef = C26391152DD6211B00DE5CA7 /* Extensions.swift */; };
		C26D2FD52DD72542006CE860 /* ToDo+CoreDataClass.swift in Sources */ = {isa = PBXBuildFile; fileRef = C26D2FD32DD72542006CE860 /* ToDo+CoreDataClass.swift */; };
		C26D2FD62DD72542006CE860 /* ToDo+CoreDataProperties.swift in Sources */ = {isa = PBXBuildFile; fileRef = C26D2FD42DD72542006CE860 /* ToDo+CoreDataProperties.swift */; };
		C26D2FD92DD72672006CE860 /* CoreManager.swift in Sources */ = {isa = PBXBuildFile; fileRef = C26D2FD82DD72672006CE860 /* CoreManager.swift */; };
/* End PBXBuildFile section */

/* Begin PBXFileReference section */
		C26390D92DD6185200DE5CA7 /* ToDoList.app */ = {isa = PBXFileReference; explicitFileType = wrapper.application; includeInIndex = 0; path = ToDoList.app; sourceTree = BUILT_PRODUCTS_DIR; };
		C26390DC2DD6185200DE5CA7 /* AppDelegate.swift */ = {isa = PBXFileReference; lastKnownFileType = sourcecode.swift; path = AppDelegate.swift; sourceTree = "<group>"; };
		C26390E62DD6185200DE5CA7 /* ToDoList.xcdatamodel */ = {isa = PBXFileReference; lastKnownFileType = wrapper.xcdatamodel; path = ToDoList.xcdatamodel; sourceTree = "<group>"; };
		C26390E82DD6185300DE5CA7 /* Assets.xcassets */ = {isa = PBXFileReference; lastKnownFileType = folder.assetcatalog; path = Assets.xcassets; sourceTree = "<group>"; };
		C26390EB2DD6185300DE5CA7 /* Base */ = {isa = PBXFileReference; lastKnownFileType = file.storyboard; name = Base; path = Base.lproj/LaunchScreen.storyboard; sourceTree = "<group>"; };
		C26390ED2DD6185300DE5CA7 /* Info.plist */ = {isa = PBXFileReference; lastKnownFileType = text.plist.xml; path = Info.plist; sourceTree = "<group>"; };
		C26390F52DD61AA200DE5CA7 /* SceneDelegate.swift */ = {isa = PBXFileReference; fileEncoding = 4; lastKnownFileType = sourcecode.swift; name = SceneDelegate.swift; path = "../../../;slmdlakmfvl;/ToDo List/ToDo-List 16.08.50/SceneDelegate.swift"; sourceTree = "<group>"; };
		C26391042DD61B1300DE5CA7 /* ToDoEditViewController.swift */ = {isa = PBXFileReference; fileEncoding = 4; lastKnownFileType = sourcecode.swift; path = ToDoEditViewController.swift; sourceTree = "<group>"; };
		C26391052DD61B1300DE5CA7 /* ToDoEditView.swift */ = {isa = PBXFileReference; fileEncoding = 4; lastKnownFileType = sourcecode.swift; path = ToDoEditView.swift; sourceTree = "<group>"; };
		C26391072DD61B1300DE5CA7 /* DataManager.swift */ = {isa = PBXFileReference; fileEncoding = 4; lastKnownFileType = sourcecode.swift; path = DataManager.swift; sourceTree = "<group>"; };
		C26391082DD61B1300DE5CA7 /* InfoModel.swift */ = {isa = PBXFileReference; fileEncoding = 4; lastKnownFileType = sourcecode.swift; path = InfoModel.swift; sourceTree = "<group>"; };
		C263910B2DD61B1300DE5CA7 /* MainCellVC.swift */ = {isa = PBXFileReference; fileEncoding = 4; lastKnownFileType = sourcecode.swift; path = MainCellVC.swift; sourceTree = "<group>"; };
		C263910C2DD61B1300DE5CA7 /* MainViewController.swift */ = {isa = PBXFileReference; fileEncoding = 4; lastKnownFileType = sourcecode.swift; path = MainViewController.swift; sourceTree = "<group>"; };
		C26391152DD6211B00DE5CA7 /* Extensions.swift */ = {isa = PBXFileReference; lastKnownFileType = sourcecode.swift; path = Extensions.swift; sourceTree = "<group>"; };
		C26D2FD32DD72542006CE860 /* ToDo+CoreDataClass.swift */ = {isa = PBXFileReference; lastKnownFileType = sourcecode.swift; path = "ToDo+CoreDataClass.swift"; sourceTree = "<group>"; };
		C26D2FD42DD72542006CE860 /* ToDo+CoreDataProperties.swift */ = {isa = PBXFileReference; lastKnownFileType = sourcecode.swift; path = "ToDo+CoreDataProperties.swift"; sourceTree = "<group>"; };
		C26D2FD82DD72672006CE860 /* CoreManager.swift */ = {isa = PBXFileReference; lastKnownFileType = sourcecode.swift; path = CoreManager.swift; sourceTree = "<group>"; };
/* End PBXFileReference section */

/* Begin PBXFrameworksBuildPhase section */
		C26390D62DD6185200DE5CA7 /* Frameworks */ = {
			isa = PBXFrameworksBuildPhase;
			buildActionMask = 2147483647;
			files = (
			);
			runOnlyForDeploymentPostprocessing = 0;
		};
/* End PBXFrameworksBuildPhase section */

/* Begin PBXGroup section */
		C26390D02DD6185200DE5CA7 = {
			isa = PBXGroup;
			children = (
				C26D2FD72DD7254B006CE860 /* BD */,
				C26391022DD61B1300DE5CA7 /* ViewControllers */,
				C26390DB2DD6185200DE5CA7 /* ToDoList */,
				C26390DA2DD6185200DE5CA7 /* Products */,
			);
			sourceTree = "<group>";
		};
		C26390DA2DD6185200DE5CA7 /* Products */ = {
			isa = PBXGroup;
			children = (
				C26390D92DD6185200DE5CA7 /* ToDoList.app */,
			);
			name = Products;
			sourceTree = "<group>";
		};
		C26390DB2DD6185200DE5CA7 /* ToDoList */ = {
			isa = PBXGroup;
			children = (
				C26390DC2DD6185200DE5CA7 /* AppDelegate.swift */,
				C26390F52DD61AA200DE5CA7 /* SceneDelegate.swift */,
				C26390E82DD6185300DE5CA7 /* Assets.xcassets */,
				C26390EA2DD6185300DE5CA7 /* LaunchScreen.storyboard */,
				C26390ED2DD6185300DE5CA7 /* Info.plist */,
				C26390E52DD6185200DE5CA7 /* ToDoList.xcdatamodeld */,
			);
			path = ToDoList;
			sourceTree = "<group>";
		};
		C26391022DD61B1300DE5CA7 /* ViewControllers */ = {
			isa = PBXGroup;
			children = (
				C26391032DD61B1300DE5CA7 /* ToDoEditVC */,
				C26391062DD61B1300DE5CA7 /* DataManager */,
				C263910A2DD61B1300DE5CA7 /* MainVC */,
				C263910D2DD61B1300DE5CA7 /* Extention */,
			);
			path = ViewControllers;
			sourceTree = "<group>";
		};
		C26391032DD61B1300DE5CA7 /* ToDoEditVC */ = {
			isa = PBXGroup;
			children = (
				C26391042DD61B1300DE5CA7 /* ToDoEditViewController.swift */,
				C26391052DD61B1300DE5CA7 /* ToDoEditView.swift */,
			);
			path = ToDoEditVC;
			sourceTree = "<group>";
		};
		C26391062DD61B1300DE5CA7 /* DataManager */ = {
			isa = PBXGroup;
			children = (
				C26391072DD61B1300DE5CA7 /* DataManager.swift */,
				C26391082DD61B1300DE5CA7 /* InfoModel.swift */,
				C26D2FD82DD72672006CE860 /* CoreManager.swift */,
			);
			path = DataManager;
			sourceTree = "<group>";
		};
		C263910A2DD61B1300DE5CA7 /* MainVC */ = {
			isa = PBXGroup;
			children = (
				C263910B2DD61B1300DE5CA7 /* MainCellVC.swift */,
				C263910C2DD61B1300DE5CA7 /* MainViewController.swift */,
			);
			path = MainVC;
			sourceTree = "<group>";
		};
		C263910D2DD61B1300DE5CA7 /* Extention */ = {
			isa = PBXGroup;
			children = (
				C26391152DD6211B00DE5CA7 /* Extensions.swift */,
			);
			path = Extention;
			sourceTree = "<group>";
		};
		C26D2FD72DD7254B006CE860 /* BD */ = {
			isa = PBXGroup;
			children = (
				C26D2FD32DD72542006CE860 /* ToDo+CoreDataClass.swift */,
				C26D2FD42DD72542006CE860 /* ToDo+CoreDataProperties.swift */,
			);
			path = BD;
			sourceTree = "<group>";
		};
/* End PBXGroup section */

/* Begin PBXNativeTarget section */
		C26390D82DD6185200DE5CA7 /* ToDoList */ = {
			isa = PBXNativeTarget;
			buildConfigurationList = C26390F02DD6185300DE5CA7 /* Build configuration list for PBXNativeTarget "ToDoList" */;
			buildPhases = (
				C26390D52DD6185200DE5CA7 /* Sources */,
				C26390D62DD6185200DE5CA7 /* Frameworks */,
				C26390D72DD6185200DE5CA7 /* Resources */,
			);
			buildRules = (
			);
			dependencies = (
			);
			name = ToDoList;
			productName = ToDoList;
			productReference = C26390D92DD6185200DE5CA7 /* ToDoList.app */;
			productType = "com.apple.product-type.application";
		};
/* End PBXNativeTarget section */

/* Begin PBXProject section */
		C26390D12DD6185200DE5CA7 /* Project object */ = {
			isa = PBXProject;
			attributes = {
				BuildIndependentTargetsInParallel = 1;
				LastSwiftUpdateCheck = 1420;
				LastUpgradeCheck = 1420;
				TargetAttributes = {
					C26390D82DD6185200DE5CA7 = {
						CreatedOnToolsVersion = 14.2;
					};
				};
			};
			buildConfigurationList = C26390D42DD6185200DE5CA7 /* Build configuration list for PBXProject "ToDoList" */;
			compatibilityVersion = "Xcode 14.0";
			developmentRegion = en;
			hasScannedForEncodings = 0;
			knownRegions = (
				en,
				Base,
			);
			mainGroup = C26390D02DD6185200DE5CA7;
			productRefGroup = C26390DA2DD6185200DE5CA7 /* Products */;
			projectDirPath = "";
			projectRoot = "";
			targets = (
				C26390D82DD6185200DE5CA7 /* ToDoList */,
			);
		};
/* End PBXProject section */

/* Begin PBXResourcesBuildPhase section */
		C26390D72DD6185200DE5CA7 /* Resources */ = {
			isa = PBXResourcesBuildPhase;
			buildActionMask = 2147483647;
			files = (
				C26390EC2DD6185300DE5CA7 /* LaunchScreen.storyboard in Resources */,
				C26390E92DD6185300DE5CA7 /* Assets.xcassets in Resources */,
			);
			runOnlyForDeploymentPostprocessing = 0;
		};
/* End PBXResourcesBuildPhase section */

/* Begin PBXSourcesBuildPhase section */
		C26390D52DD6185200DE5CA7 /* Sources */ = {
			isa = PBXSourcesBuildPhase;
			buildActionMask = 2147483647;
			files = (
				C26390F62DD61AA200DE5CA7 /* SceneDelegate.swift in Sources */,
				C26391102DD61B1300DE5CA7 /* DataManager.swift in Sources */,
				C263910F2DD61B1300DE5CA7 /* ToDoEditView.swift in Sources */,
				C26D2FD92DD72672006CE860 /* CoreManager.swift in Sources */,
				C26391132DD61B1300DE5CA7 /* MainCellVC.swift in Sources */,
				C26390DD2DD6185200DE5CA7 /* AppDelegate.swift in Sources */,
				C26D2FD52DD72542006CE860 /* ToDo+CoreDataClass.swift in Sources */,
				C26391162DD6211B00DE5CA7 /* Extensions.swift in Sources */,
				C26391112DD61B1300DE5CA7 /* InfoModel.swift in Sources */,
				C263910E2DD61B1300DE5CA7 /* ToDoEditViewController.swift in Sources */,
				C26D2FD62DD72542006CE860 /* ToDo+CoreDataProperties.swift in Sources */,
				C26390E72DD6185200DE5CA7 /* ToDoList.xcdatamodeld in Sources */,
				C26391142DD61B1300DE5CA7 /* MainViewController.swift in Sources */,
			);
			runOnlyForDeploymentPostprocessing = 0;
		};
/* End PBXSourcesBuildPhase section */

/* Begin PBXVariantGroup section */
		C26390EA2DD6185300DE5CA7 /* LaunchScreen.storyboard */ = {
			isa = PBXVariantGroup;
			children = (
				C26390EB2DD6185300DE5CA7 /* Base */,
			);
			name = LaunchScreen.storyboard;
			sourceTree = "<group>";
		};
/* End PBXVariantGroup section */

/* Begin XCBuildConfiguration section */
		C26390EE2DD6185300DE5CA7 /* Debug */ = {
			isa = XCBuildConfiguration;
			buildSettings = {
				ALWAYS_SEARCH_USER_PATHS = NO;
				CLANG_ANALYZER_NONNULL = YES;
				CLANG_ANALYZER_NUMBER_OBJECT_CONVERSION = YES_AGGRESSIVE;
				CLANG_CXX_LANGUAGE_STANDARD = "gnu++20";
				CLANG_ENABLE_MODULES = YES;
				CLANG_ENABLE_OBJC_ARC = YES;
				CLANG_ENABLE_OBJC_WEAK = YES;
				CLANG_WARN_BLOCK_CAPTURE_AUTORELEASING = YES;
				CLANG_WARN_BOOL_CONVERSION = YES;
				CLANG_WARN_COMMA = YES;
				CLANG_WARN_CONSTANT_CONVERSION = YES;
				CLANG_WARN_DEPRECATED_OBJC_IMPLEMENTATIONS = YES;
				CLANG_WARN_DIRECT_OBJC_ISA_USAGE = YES_ERROR;
				CLANG_WARN_DOCUMENTATION_COMMENTS = YES;
				CLANG_WARN_EMPTY_BODY = YES;
				CLANG_WARN_ENUM_CONVERSION = YES;
				CLANG_WARN_INFINITE_RECURSION = YES;
				CLANG_WARN_INT_CONVERSION = YES;
				CLANG_WARN_NON_LITERAL_NULL_CONVERSION = YES;
				CLANG_WARN_OBJC_IMPLICIT_RETAIN_SELF = YES;
				CLANG_WARN_OBJC_LITERAL_CONVERSION = YES;
				CLANG_WARN_OBJC_ROOT_CLASS = YES_ERROR;
				CLANG_WARN_QUOTED_INCLUDE_IN_FRAMEWORK_HEADER = YES;
				CLANG_WARN_RANGE_LOOP_ANALYSIS = YES;
				CLANG_WARN_STRICT_PROTOTYPES = YES;
				CLANG_WARN_SUSPICIOUS_MOVE = YES;
				CLANG_WARN_UNGUARDED_AVAILABILITY = YES_AGGRESSIVE;
				CLANG_WARN_UNREACHABLE_CODE = YES;
				CLANG_WARN__DUPLICATE_METHOD_MATCH = YES;
				COPY_PHASE_STRIP = NO;
				DEBUG_INFORMATION_FORMAT = dwarf;
				ENABLE_STRICT_OBJC_MSGSEND = YES;
				ENABLE_TESTABILITY = YES;
				GCC_C_LANGUAGE_STANDARD = gnu11;
				GCC_DYNAMIC_NO_PIC = NO;
				GCC_NO_COMMON_BLOCKS = YES;
				GCC_OPTIMIZATION_LEVEL = 0;
				GCC_PREPROCESSOR_DEFINITIONS = (
					"DEBUG=1",
					"$(inherited)",
				);
				GCC_WARN_64_TO_32_BIT_CONVERSION = YES;
				GCC_WARN_ABOUT_RETURN_TYPE = YES_ERROR;
				GCC_WARN_UNDECLARED_SELECTOR = YES;
				GCC_WARN_UNINITIALIZED_AUTOS = YES_AGGRESSIVE;
				GCC_WARN_UNUSED_FUNCTION = YES;
				GCC_WARN_UNUSED_VARIABLE = YES;
				IPHONEOS_DEPLOYMENT_TARGET = 15.0;
				MTL_ENABLE_DEBUG_INFO = INCLUDE_SOURCE;
				MTL_FAST_MATH = YES;
				ONLY_ACTIVE_ARCH = YES;
				SDKROOT = iphoneos;
				SWIFT_ACTIVE_COMPILATION_CONDITIONS = DEBUG;
				SWIFT_OPTIMIZATION_LEVEL = "-Onone";
			};
			name = Debug;
		};
		C26390EF2DD6185300DE5CA7 /* Release */ = {
			isa = XCBuildConfiguration;
			buildSettings = {
				ALWAYS_SEARCH_USER_PATHS = NO;
				CLANG_ANALYZER_NONNULL = YES;
				CLANG_ANALYZER_NUMBER_OBJECT_CONVERSION = YES_AGGRESSIVE;
				CLANG_CXX_LANGUAGE_STANDARD = "gnu++20";
				CLANG_ENABLE_MODULES = YES;
				CLANG_ENABLE_OBJC_ARC = YES;
				CLANG_ENABLE_OBJC_WEAK = YES;
				CLANG_WARN_BLOCK_CAPTURE_AUTORELEASING = YES;
				CLANG_WARN_BOOL_CONVERSION = YES;
				CLANG_WARN_COMMA = YES;
				CLANG_WARN_CONSTANT_CONVERSION = YES;
				CLANG_WARN_DEPRECATED_OBJC_IMPLEMENTATIONS = YES;
				CLANG_WARN_DIRECT_OBJC_ISA_USAGE = YES_ERROR;
				CLANG_WARN_DOCUMENTATION_COMMENTS = YES;
				CLANG_WARN_EMPTY_BODY = YES;
				CLANG_WARN_ENUM_CONVERSION = YES;
				CLANG_WARN_INFINITE_RECURSION = YES;
				CLANG_WARN_INT_CONVERSION = YES;
				CLANG_WARN_NON_LITERAL_NULL_CONVERSION = YES;
				CLANG_WARN_OBJC_IMPLICIT_RETAIN_SELF = YES;
				CLANG_WARN_OBJC_LITERAL_CONVERSION = YES;
				CLANG_WARN_OBJC_ROOT_CLASS = YES_ERROR;
				CLANG_WARN_QUOTED_INCLUDE_IN_FRAMEWORK_HEADER = YES;
				CLANG_WARN_RANGE_LOOP_ANALYSIS = YES;
				CLANG_WARN_STRICT_PROTOTYPES = YES;
				CLANG_WARN_SUSPICIOUS_MOVE = YES;
				CLANG_WARN_UNGUARDED_AVAILABILITY = YES_AGGRESSIVE;
				CLANG_WARN_UNREACHABLE_CODE = YES;
				CLANG_WARN__DUPLICATE_METHOD_MATCH = YES;
				COPY_PHASE_STRIP = NO;
				DEBUG_INFORMATION_FORMAT = "dwarf-with-dsym";
				ENABLE_NS_ASSERTIONS = NO;
				ENABLE_STRICT_OBJC_MSGSEND = YES;
				GCC_C_LANGUAGE_STANDARD = gnu11;
				GCC_NO_COMMON_BLOCKS = YES;
				GCC_WARN_64_TO_32_BIT_CONVERSION = YES;
				GCC_WARN_ABOUT_RETURN_TYPE = YES_ERROR;
				GCC_WARN_UNDECLARED_SELECTOR = YES;
				GCC_WARN_UNINITIALIZED_AUTOS = YES_AGGRESSIVE;
				GCC_WARN_UNUSED_FUNCTION = YES;
				GCC_WARN_UNUSED_VARIABLE = YES;
				IPHONEOS_DEPLOYMENT_TARGET = 15.0;
				MTL_ENABLE_DEBUG_INFO = NO;
				MTL_FAST_MATH = YES;
				SDKROOT = iphoneos;
				SWIFT_COMPILATION_MODE = wholemodule;
				SWIFT_OPTIMIZATION_LEVEL = "-O";
				VALIDATE_PRODUCT = YES;
			};
			name = Release;
		};
		C26390F12DD6185300DE5CA7 /* Debug */ = {
			isa = XCBuildConfiguration;
			buildSettings = {
				ASSETCATALOG_COMPILER_APPICON_NAME = AppIcon;
				ASSETCATALOG_COMPILER_GLOBAL_ACCENT_COLOR_NAME = AccentColor;
				CODE_SIGN_STYLE = Automatic;
				CURRENT_PROJECT_VERSION = 1;
				DEVELOPMENT_TEAM = 9T4V7DDJJ3;
				GENERATE_INFOPLIST_FILE = YES;
				INFOPLIST_FILE = ToDoList/Info.plist;
				INFOPLIST_KEY_UIApplicationSupportsIndirectInputEvents = YES;
				INFOPLIST_KEY_UILaunchStoryboardName = LaunchScreen;
				INFOPLIST_KEY_UISupportedInterfaceOrientations_iPad = "UIInterfaceOrientationPortrait UIInterfaceOrientationPortraitUpsideDown UIInterfaceOrientationLandscapeLeft UIInterfaceOrientationLandscapeRight";
				INFOPLIST_KEY_UISupportedInterfaceOrientations_iPhone = "UIInterfaceOrientationPortrait UIInterfaceOrientationLandscapeLeft UIInterfaceOrientationLandscapeRight";
				IPHONEOS_DEPLOYMENT_TARGET = 15.0;
				LD_RUNPATH_SEARCH_PATHS = (
					"$(inherited)",
					"@executable_path/Frameworks",
				);
				MARKETING_VERSION = 1.0;
				PRODUCT_BUNDLE_IDENTIFIER = Serg.inc.ToDoList;
				PRODUCT_NAME = "$(TARGET_NAME)";
				SUPPORTED_PLATFORMS = "iphoneos iphonesimulator";
				SUPPORTS_MACCATALYST = NO;
				SUPPORTS_MAC_DESIGNED_FOR_IPHONE_IPAD = NO;
				SWIFT_EMIT_LOC_STRINGS = YES;
				SWIFT_VERSION = 5.0;
				TARGETED_DEVICE_FAMILY = 1;
			};
			name = Debug;
		};
		C26390F22DD6185300DE5CA7 /* Release */ = {
			isa = XCBuildConfiguration;
			buildSettings = {
				ASSETCATALOG_COMPILER_APPICON_NAME = AppIcon;
				ASSETCATALOG_COMPILER_GLOBAL_ACCENT_COLOR_NAME = AccentColor;
				CODE_SIGN_STYLE = Automatic;
				CURRENT_PROJECT_VERSION = 1;
				DEVELOPMENT_TEAM = 9T4V7DDJJ3;
				GENERATE_INFOPLIST_FILE = YES;
				INFOPLIST_FILE = ToDoList/Info.plist;
				INFOPLIST_KEY_UIApplicationSupportsIndirectInputEvents = YES;
				INFOPLIST_KEY_UILaunchStoryboardName = LaunchScreen;
				INFOPLIST_KEY_UISupportedInterfaceOrientations_iPad = "UIInterfaceOrientationPortrait UIInterfaceOrientationPortraitUpsideDown UIInterfaceOrientationLandscapeLeft UIInterfaceOrientationLandscapeRight";
				INFOPLIST_KEY_UISupportedInterfaceOrientations_iPhone = "UIInterfaceOrientationPortrait UIInterfaceOrientationLandscapeLeft UIInterfaceOrientationLandscapeRight";
				IPHONEOS_DEPLOYMENT_TARGET = 15.0;
				LD_RUNPATH_SEARCH_PATHS = (
					"$(inherited)",
					"@executable_path/Frameworks",
				);
				MARKETING_VERSION = 1.0;
				PRODUCT_BUNDLE_IDENTIFIER = Serg.inc.ToDoList;
				PRODUCT_NAME = "$(TARGET_NAME)";
				SUPPORTED_PLATFORMS = "iphoneos iphonesimulator";
				SUPPORTS_MACCATALYST = NO;
				SUPPORTS_MAC_DESIGNED_FOR_IPHONE_IPAD = NO;
				SWIFT_EMIT_LOC_STRINGS = YES;
				SWIFT_VERSION = 5.0;
				TARGETED_DEVICE_FAMILY = 1;
			};
			name = Release;
		};
/* End XCBuildConfiguration section */

/* Begin XCConfigurationList section */
		C26390D42DD6185200DE5CA7 /* Build configuration list for PBXProject "ToDoList" */ = {
			isa = XCConfigurationList;
			buildConfigurations = (
				C26390EE2DD6185300DE5CA7 /* Debug */,
				C26390EF2DD6185300DE5CA7 /* Release */,
			);
			defaultConfigurationIsVisible = 0;
			defaultConfigurationName = Release;
		};
		C26390F02DD6185300DE5CA7 /* Build configuration list for PBXNativeTarget "ToDoList" */ = {
			isa = XCConfigurationList;
			buildConfigurations = (
				C26390F12DD6185300DE5CA7 /* Debug */,
				C26390F22DD6185300DE5CA7 /* Release */,
			);
			defaultConfigurationIsVisible = 0;
			defaultConfigurationName = Release;
		};
/* End XCConfigurationList section */

/* Begin XCVersionGroup section */
		C26390E52DD6185200DE5CA7 /* ToDoList.xcdatamodeld */ = {
			isa = XCVersionGroup;
			children = (
				C26390E62DD6185200DE5CA7 /* ToDoList.xcdatamodel */,
			);
			currentVersion = C26390E62DD6185200DE5CA7 /* ToDoList.xcdatamodel */;
			path = ToDoList.xcdatamodeld;
			sourceTree = "<group>";
			versionGroupType = wrapper.xcdatamodel;
		};
/* End XCVersionGroup section */
	};
	rootObject = C26390D12DD6185200DE5CA7 /* Project object */;
}
